// !$*UTF8*$!
{
	archiveVersion = 1;
	classes = {
	};
	objectVersion = 51;
	objects = {

/* Begin PBXBuildFile section */
		9E4A6871243B8A29007FBFBF /* LoginViewController.swift in Sources */ = {isa = PBXBuildFile; fileRef = 9E4A6870243B8A29007FBFBF /* LoginViewController.swift */; };
		9E55141723AB580300D5D9E7 /* AppDelegate.swift in Sources */ = {isa = PBXBuildFile; fileRef = 9E55141623AB580300D5D9E7 /* AppDelegate.swift */; };
		9E55141B23AB580300D5D9E7 /* ImageViewController.swift in Sources */ = {isa = PBXBuildFile; fileRef = 9E55141A23AB580300D5D9E7 /* ImageViewController.swift */; };
		9E55141E23AB580300D5D9E7 /* Main.storyboard in Resources */ = {isa = PBXBuildFile; fileRef = 9E55141C23AB580300D5D9E7 /* Main.storyboard */; };
		9E55142023AB580900D5D9E7 /* Assets.xcassets in Resources */ = {isa = PBXBuildFile; fileRef = 9E55141F23AB580900D5D9E7 /* Assets.xcassets */; };
		9E55142323AB580900D5D9E7 /* LaunchScreen.storyboard in Resources */ = {isa = PBXBuildFile; fileRef = 9E55142123AB580900D5D9E7 /* LaunchScreen.storyboard */; };
		9E9E315F2431D98F00CE715B /* DataProvider.swift in Sources */ = {isa = PBXBuildFile; fileRef = 9E9E315E2431D98F00CE715B /* DataProvider.swift */; };
		9EA1461F243498BC002A8AF6 /* AlamofireNetworkRequest.swift in Sources */ = {isa = PBXBuildFile; fileRef = 9EA1461E243498BC002A8AF6 /* AlamofireNetworkRequest.swift */; };
		9ECF1E3E243C8EB30062C379 /* Extentions.swift in Sources */ = {isa = PBXBuildFile; fileRef = 9ECF1E3D243C8EB30062C379 /* Extentions.swift */; };
		9ECF1E42243CD2400062C379 /* UserProfileVC.swift in Sources */ = {isa = PBXBuildFile; fileRef = 9ECF1E41243CD2400062C379 /* UserProfileVC.swift */; };
		9ECF1E48243CF6900062C379 /* GoogleService-Info.plist in Resources */ = {isa = PBXBuildFile; fileRef = 9ECF1E47243CF6900062C379 /* GoogleService-Info.plist */; };
		9ECF1E4A243DC2880062C379 /* Profile.swift in Sources */ = {isa = PBXBuildFile; fileRef = 9ECF1E49243DC2880062C379 /* Profile.swift */; };
		9ECF1E4C243DEBE80062C379 /* CurrentUser.swift in Sources */ = {isa = PBXBuildFile; fileRef = 9ECF1E4B243DEBE80062C379 /* CurrentUser.swift */; };
		9EE1283B2420C19E009F32DC /* MainViewController.swift in Sources */ = {isa = PBXBuildFile; fileRef = 9EE1283A2420C19E009F32DC /* MainViewController.swift */; };
		9EE1283D2420C27E009F32DC /* CollectionViewCell.swift in Sources */ = {isa = PBXBuildFile; fileRef = 9EE1283C2420C27E009F32DC /* CollectionViewCell.swift */; };
		9EE128442420D2BF009F32DC /* NetworkManager.swift in Sources */ = {isa = PBXBuildFile; fileRef = 9EE128432420D2BF009F32DC /* NetworkManager.swift */; };
		9EE128462421110B009F32DC /* ImageProperties.swift in Sources */ = {isa = PBXBuildFile; fileRef = 9EE128452421110B009F32DC /* ImageProperties.swift */; };
		9EF3873A23ACE5C8007FD21D /* Default-568h@2x.png in Resources */ = {isa = PBXBuildFile; fileRef = 9EF3873923ACE5C8007FD21D /* Default-568h@2x.png */; };
		9EF3873C23ACE88E007FD21D /* CoursesViewController.swift in Sources */ = {isa = PBXBuildFile; fileRef = 9EF3873B23ACE88E007FD21D /* CoursesViewController.swift */; };
		9EF3873E23ACEA60007FD21D /* WebViewController.swift in Sources */ = {isa = PBXBuildFile; fileRef = 9EF3873D23ACEA60007FD21D /* WebViewController.swift */; };
		9EF3874023ACEB9C007FD21D /* TableViewCell.swift in Sources */ = {isa = PBXBuildFile; fileRef = 9EF3873F23ACEB9C007FD21D /* TableViewCell.swift */; };
		9EF3874223ACF381007FD21D /* Course.swift in Sources */ = {isa = PBXBuildFile; fileRef = 9EF3874123ACF381007FD21D /* Course.swift */; };
		9EF3874423AD27E4007FD21D /* WebSiteDescription.swift in Sources */ = {isa = PBXBuildFile; fileRef = 9EF3874323AD27E4007FD21D /* WebSiteDescription.swift */; };
		C6EB87FCBD29B6B0D1C69C28 /* Pods_test.framework in Frameworks */ = {isa = PBXBuildFile; fileRef = F24932B0E43B0E8042BF3166 /* Pods_test.framework */; };
/* End PBXBuildFile section */

/* Begin PBXFileReference section */
		122E82231199C54D9E0F3B0C /* Pods-test.debug.xcconfig */ = {isa = PBXFileReference; includeInIndex = 1; lastKnownFileType = text.xcconfig; name = "Pods-test.debug.xcconfig"; path = "Target Support Files/Pods-test/Pods-test.debug.xcconfig"; sourceTree = "<group>"; };
		9E4A6870243B8A29007FBFBF /* LoginViewController.swift */ = {isa = PBXFileReference; lastKnownFileType = sourcecode.swift; path = LoginViewController.swift; sourceTree = "<group>"; };
		9E4A6872243B8AC0007FBFBF /* NetirkingRelease.entitlements */ = {isa = PBXFileReference; lastKnownFileType = text.plist.entitlements; path = NetirkingRelease.entitlements; sourceTree = "<group>"; };
		9E55141323AB580300D5D9E7 /* Netirking.app */ = {isa = PBXFileReference; explicitFileType = wrapper.application; includeInIndex = 0; path = Netirking.app; sourceTree = BUILT_PRODUCTS_DIR; };
		9E55141623AB580300D5D9E7 /* AppDelegate.swift */ = {isa = PBXFileReference; lastKnownFileType = sourcecode.swift; path = AppDelegate.swift; sourceTree = "<group>"; };
		9E55141A23AB580300D5D9E7 /* ImageViewController.swift */ = {isa = PBXFileReference; lastKnownFileType = sourcecode.swift; path = ImageViewController.swift; sourceTree = "<group>"; };
		9E55141D23AB580300D5D9E7 /* Base */ = {isa = PBXFileReference; lastKnownFileType = file.storyboard; name = Base; path = Base.lproj/Main.storyboard; sourceTree = "<group>"; };
		9E55141F23AB580900D5D9E7 /* Assets.xcassets */ = {isa = PBXFileReference; lastKnownFileType = folder.assetcatalog; path = Assets.xcassets; sourceTree = "<group>"; };
		9E55142223AB580900D5D9E7 /* Base */ = {isa = PBXFileReference; lastKnownFileType = file.storyboard; name = Base; path = Base.lproj/LaunchScreen.storyboard; sourceTree = "<group>"; };
		9E55142423AB580900D5D9E7 /* Info.plist */ = {isa = PBXFileReference; lastKnownFileType = text.plist.xml; path = Info.plist; sourceTree = "<group>"; };
		9E9E315E2431D98F00CE715B /* DataProvider.swift */ = {isa = PBXFileReference; lastKnownFileType = sourcecode.swift; path = DataProvider.swift; sourceTree = "<group>"; };
		9EA1461E243498BC002A8AF6 /* AlamofireNetworkRequest.swift */ = {isa = PBXFileReference; lastKnownFileType = sourcecode.swift; path = AlamofireNetworkRequest.swift; sourceTree = "<group>"; };
		9ECF1E3D243C8EB30062C379 /* Extentions.swift */ = {isa = PBXFileReference; lastKnownFileType = sourcecode.swift; path = Extentions.swift; sourceTree = "<group>"; };
		9ECF1E41243CD2400062C379 /* UserProfileVC.swift */ = {isa = PBXFileReference; lastKnownFileType = sourcecode.swift; path = UserProfileVC.swift; sourceTree = "<group>"; };
		9ECF1E47243CF6900062C379 /* GoogleService-Info.plist */ = {isa = PBXFileReference; fileEncoding = 4; lastKnownFileType = text.plist.xml; name = "GoogleService-Info.plist"; path = "../../../../../Downloads/GoogleService-Info.plist"; sourceTree = "<group>"; };
		9ECF1E49243DC2880062C379 /* Profile.swift */ = {isa = PBXFileReference; lastKnownFileType = sourcecode.swift; path = Profile.swift; sourceTree = "<group>"; };
		9ECF1E4B243DEBE80062C379 /* CurrentUser.swift */ = {isa = PBXFileReference; lastKnownFileType = sourcecode.swift; path = CurrentUser.swift; sourceTree = "<group>"; };
		9EE1283A2420C19E009F32DC /* MainViewController.swift */ = {isa = PBXFileReference; lastKnownFileType = sourcecode.swift; path = MainViewController.swift; sourceTree = "<group>"; };
		9EE1283C2420C27E009F32DC /* CollectionViewCell.swift */ = {isa = PBXFileReference; lastKnownFileType = sourcecode.swift; path = CollectionViewCell.swift; sourceTree = "<group>"; };
		9EE128432420D2BF009F32DC /* NetworkManager.swift */ = {isa = PBXFileReference; lastKnownFileType = sourcecode.swift; path = NetworkManager.swift; sourceTree = "<group>"; };
		9EE128452421110B009F32DC /* ImageProperties.swift */ = {isa = PBXFileReference; lastKnownFileType = sourcecode.swift; path = ImageProperties.swift; sourceTree = "<group>"; };
		9EF3873923ACE5C8007FD21D /* Default-568h@2x.png */ = {isa = PBXFileReference; lastKnownFileType = image.png; path = "Default-568h@2x.png"; sourceTree = "<group>"; };
		9EF3873B23ACE88E007FD21D /* CoursesViewController.swift */ = {isa = PBXFileReference; lastKnownFileType = sourcecode.swift; path = CoursesViewController.swift; sourceTree = "<group>"; };
		9EF3873D23ACEA60007FD21D /* WebViewController.swift */ = {isa = PBXFileReference; lastKnownFileType = sourcecode.swift; path = WebViewController.swift; sourceTree = "<group>"; };
		9EF3873F23ACEB9C007FD21D /* TableViewCell.swift */ = {isa = PBXFileReference; lastKnownFileType = sourcecode.swift; path = TableViewCell.swift; sourceTree = "<group>"; };
		9EF3874123ACF381007FD21D /* Course.swift */ = {isa = PBXFileReference; lastKnownFileType = sourcecode.swift; path = Course.swift; sourceTree = "<group>"; };
		9EF3874323AD27E4007FD21D /* WebSiteDescription.swift */ = {isa = PBXFileReference; lastKnownFileType = sourcecode.swift; path = WebSiteDescription.swift; sourceTree = "<group>"; };
		F24932B0E43B0E8042BF3166 /* Pods_test.framework */ = {isa = PBXFileReference; explicitFileType = wrapper.framework; includeInIndex = 0; path = Pods_test.framework; sourceTree = BUILT_PRODUCTS_DIR; };
		F3D3EA933F1CF69A6BB32474 /* Pods-test.release.xcconfig */ = {isa = PBXFileReference; includeInIndex = 1; lastKnownFileType = text.xcconfig; name = "Pods-test.release.xcconfig"; path = "Target Support Files/Pods-test/Pods-test.release.xcconfig"; sourceTree = "<group>"; };
/* End PBXFileReference section */

/* Begin PBXFrameworksBuildPhase section */
		9E55141023AB580300D5D9E7 /* Frameworks */ = {
			isa = PBXFrameworksBuildPhase;
			buildActionMask = 2147483647;
			files = (
				C6EB87FCBD29B6B0D1C69C28 /* Pods_test.framework in Frameworks */,
			);
			runOnlyForDeploymentPostprocessing = 0;
		};
/* End PBXFrameworksBuildPhase section */

/* Begin PBXGroup section */
		5550A85EF01FD94F0F6AC730 /* Pods */ = {
			isa = PBXGroup;
			children = (
				122E82231199C54D9E0F3B0C /* Pods-test.debug.xcconfig */,
				F3D3EA933F1CF69A6BB32474 /* Pods-test.release.xcconfig */,
			);
			path = Pods;
			sourceTree = "<group>";
		};
		7B793148BE9DEEE14239A9B3 /* Frameworks */ = {
			isa = PBXGroup;
			children = (
				F24932B0E43B0E8042BF3166 /* Pods_test.framework */,
			);
			name = Frameworks;
			sourceTree = "<group>";
		};
		9E55140A23AB580300D5D9E7 = {
			isa = PBXGroup;
			children = (
				9E4A6872243B8AC0007FBFBF /* NetirkingRelease.entitlements */,
				9E55141523AB580300D5D9E7 /* Networking */,
				9EF3873923ACE5C8007FD21D /* Default-568h@2x.png */,
				9E55141423AB580300D5D9E7 /* Products */,
				5550A85EF01FD94F0F6AC730 /* Pods */,
				7B793148BE9DEEE14239A9B3 /* Frameworks */,
			);
			sourceTree = "<group>";
		};
		9E55141423AB580300D5D9E7 /* Products */ = {
			isa = PBXGroup;
			children = (
				9E55141323AB580300D5D9E7 /* Netirking.app */,
			);
			name = Products;
			sourceTree = "<group>";
		};
		9E55141523AB580300D5D9E7 /* Networking */ = {
			isa = PBXGroup;
			children = (
				9EE128412420C3C0009F32DC /* App */,
				9ECF1E40243C8EEB0062C379 /* FBUserAutorization */,
				9EE128402420C3A1009F32DC /* ImageScreen */,
				9EE1283F2420C362009F32DC /* Courses */,
				9EE1283E2420C2AB009F32DC /* WebView */,
				9ECF1E3F243C8ED50062C379 /* Support */,
			);
			path = Networking;
			sourceTree = "<group>";
		};
		9ECF1E3F243C8ED50062C379 /* Support */ = {
			isa = PBXGroup;
			children = (
				9ECF1E3D243C8EB30062C379 /* Extentions.swift */,
				9E55141F23AB580900D5D9E7 /* Assets.xcassets */,
				9ECF1E47243CF6900062C379 /* GoogleService-Info.plist */,
				9E55142423AB580900D5D9E7 /* Info.plist */,
			);
			name = Support;
			sourceTree = "<group>";
		};
		9ECF1E40243C8EEB0062C379 /* FBUserAutorization */ = {
			isa = PBXGroup;
			children = (
				9E4A6870243B8A29007FBFBF /* LoginViewController.swift */,
				9ECF1E41243CD2400062C379 /* UserProfileVC.swift */,
				9ECF1E4B243DEBE80062C379 /* CurrentUser.swift */,
				9ECF1E49243DC2880062C379 /* Profile.swift */,
			);
			name = FBUserAutorization;
			path = App;
			sourceTree = "<group>";
		};
		9EE1283E2420C2AB009F32DC /* WebView */ = {
			isa = PBXGroup;
			children = (
				9EF3873D23ACEA60007FD21D /* WebViewController.swift */,
			);
			path = WebView;
			sourceTree = "<group>";
		};
		9EE1283F2420C362009F32DC /* Courses */ = {
			isa = PBXGroup;
			children = (
				9EF3873B23ACE88E007FD21D /* CoursesViewController.swift */,
				9EF3874123ACF381007FD21D /* Course.swift */,
				9EF3874323AD27E4007FD21D /* WebSiteDescription.swift */,
				9EF3873F23ACEB9C007FD21D /* TableViewCell.swift */,
			);
			path = Courses;
			sourceTree = "<group>";
		};
		9EE128402420C3A1009F32DC /* ImageScreen */ = {
			isa = PBXGroup;
			children = (
				9E55141A23AB580300D5D9E7 /* ImageViewController.swift */,
			);
			path = ImageScreen;
			sourceTree = "<group>";
		};
		9EE128412420C3C0009F32DC /* App */ = {
			isa = PBXGroup;
			children = (
				9E55141623AB580300D5D9E7 /* AppDelegate.swift */,
				9EE1283A2420C19E009F32DC /* MainViewController.swift */,
				9EE1283C2420C27E009F32DC /* CollectionViewCell.swift */,
				9E55142123AB580900D5D9E7 /* LaunchScreen.storyboard */,
				9E55141C23AB580300D5D9E7 /* Main.storyboard */,
				9EE128422420D2A5009F32DC /* NetworkManager */,
			);
			path = App;
			sourceTree = "<group>";
		};
		9EE128422420D2A5009F32DC /* NetworkManager */ = {
			isa = PBXGroup;
			children = (
				9EE128432420D2BF009F32DC /* NetworkManager.swift */,
				9EA1461E243498BC002A8AF6 /* AlamofireNetworkRequest.swift */,
				9EE128452421110B009F32DC /* ImageProperties.swift */,
				9E9E315E2431D98F00CE715B /* DataProvider.swift */,
			);
			path = NetworkManager;
			sourceTree = "<group>";
		};
/* End PBXGroup section */

/* Begin PBXNativeTarget section */
		9E55141223AB580300D5D9E7 /* test */ = {
			isa = PBXNativeTarget;
			buildConfigurationList = 9E55142723AB580900D5D9E7 /* Build configuration list for PBXNativeTarget "test" */;
			buildPhases = (
				FFA8ADBDAD70327A69C87DCC /* [CP] Check Pods Manifest.lock */,
				9E55140F23AB580300D5D9E7 /* Sources */,
				9E55141023AB580300D5D9E7 /* Frameworks */,
				9E55141123AB580300D5D9E7 /* Resources */,
				2505003A9080F784C20DF6A9 /* [CP] Embed Pods Frameworks */,
			);
			buildRules = (
			);
			dependencies = (
			);
			name = test;
			productName = test;
			productReference = 9E55141323AB580300D5D9E7 /* Netirking.app */;
			productType = "com.apple.product-type.application";
		};
/* End PBXNativeTarget section */

/* Begin PBXProject section */
		9E55140B23AB580300D5D9E7 /* Project object */ = {
			isa = PBXProject;
			attributes = {
				LastSwiftUpdateCheck = 1130;
				LastUpgradeCheck = 1130;
				ORGANIZATIONNAME = "Максим Окунеев";
				TargetAttributes = {
					9E55141223AB580300D5D9E7 = {
						CreatedOnToolsVersion = 11.3;
					};
				};
			};
			buildConfigurationList = 9E55140E23AB580300D5D9E7 /* Build configuration list for PBXProject "Networking" */;
			compatibilityVersion = "Xcode 9.3";
			developmentRegion = en;
			hasScannedForEncodings = 0;
			knownRegions = (
				en,
				Base,
			);
			mainGroup = 9E55140A23AB580300D5D9E7;
			productRefGroup = 9E55141423AB580300D5D9E7 /* Products */;
			projectDirPath = "";
			projectRoot = "";
			targets = (
				9E55141223AB580300D5D9E7 /* test */,
			);
		};
/* End PBXProject section */

/* Begin PBXResourcesBuildPhase section */
		9E55141123AB580300D5D9E7 /* Resources */ = {
			isa = PBXResourcesBuildPhase;
			buildActionMask = 2147483647;
			files = (
				9E55142323AB580900D5D9E7 /* LaunchScreen.storyboard in Resources */,
				9EF3873A23ACE5C8007FD21D /* Default-568h@2x.png in Resources */,
				9ECF1E48243CF6900062C379 /* GoogleService-Info.plist in Resources */,
				9E55142023AB580900D5D9E7 /* Assets.xcassets in Resources */,
				9E55141E23AB580300D5D9E7 /* Main.storyboard in Resources */,
			);
			runOnlyForDeploymentPostprocessing = 0;
		};
/* End PBXResourcesBuildPhase section */

/* Begin PBXShellScriptBuildPhase section */
		2505003A9080F784C20DF6A9 /* [CP] Embed Pods Frameworks */ = {
			isa = PBXShellScriptBuildPhase;
			buildActionMask = 2147483647;
			files = (
			);
			inputFileListPaths = (
				"${PODS_ROOT}/Target Support Files/Pods-test/Pods-test-frameworks-${CONFIGURATION}-input-files.xcfilelist",
			);
			name = "[CP] Embed Pods Frameworks";
			outputFileListPaths = (
				"${PODS_ROOT}/Target Support Files/Pods-test/Pods-test-frameworks-${CONFIGURATION}-output-files.xcfilelist",
			);
			runOnlyForDeploymentPostprocessing = 0;
			shellPath = /bin/sh;
			shellScript = "\"${PODS_ROOT}/Target Support Files/Pods-test/Pods-test-frameworks.sh\"\n";
			showEnvVarsInLog = 0;
		};
		FFA8ADBDAD70327A69C87DCC /* [CP] Check Pods Manifest.lock */ = {
			isa = PBXShellScriptBuildPhase;
			buildActionMask = 2147483647;
			files = (
			);
			inputFileListPaths = (
			);
			inputPaths = (
				"${PODS_PODFILE_DIR_PATH}/Podfile.lock",
				"${PODS_ROOT}/Manifest.lock",
			);
			name = "[CP] Check Pods Manifest.lock";
			outputFileListPaths = (
			);
			outputPaths = (
				"$(DERIVED_FILE_DIR)/Pods-test-checkManifestLockResult.txt",
			);
			runOnlyForDeploymentPostprocessing = 0;
			shellPath = /bin/sh;
			shellScript = "diff \"${PODS_PODFILE_DIR_PATH}/Podfile.lock\" \"${PODS_ROOT}/Manifest.lock\" > /dev/null\nif [ $? != 0 ] ; then\n    # print error to STDERR\n    echo \"error: The sandbox is not in sync with the Podfile.lock. Run 'pod install' or update your CocoaPods installation.\" >&2\n    exit 1\nfi\n# This output is used by Xcode 'outputs' to avoid re-running this script phase.\necho \"SUCCESS\" > \"${SCRIPT_OUTPUT_FILE_0}\"\n";
			showEnvVarsInLog = 0;
		};
/* End PBXShellScriptBuildPhase section */

/* Begin PBXSourcesBuildPhase section */
		9E55140F23AB580300D5D9E7 /* Sources */ = {
			isa = PBXSourcesBuildPhase;
			buildActionMask = 2147483647;
			files = (
				9ECF1E4A243DC2880062C379 /* Profile.swift in Sources */,
				9EE128442420D2BF009F32DC /* NetworkManager.swift in Sources */,
				9EF3874223ACF381007FD21D /* Course.swift in Sources */,
				9ECF1E3E243C8EB30062C379 /* Extentions.swift in Sources */,
				9E55141B23AB580300D5D9E7 /* ImageViewController.swift in Sources */,
				9E4A6871243B8A29007FBFBF /* LoginViewController.swift in Sources */,
				9EF3873E23ACEA60007FD21D /* WebViewController.swift in Sources */,
				9E55141723AB580300D5D9E7 /* AppDelegate.swift in Sources */,
				9ECF1E42243CD2400062C379 /* UserProfileVC.swift in Sources */,
				9EF3874423AD27E4007FD21D /* WebSiteDescription.swift in Sources */,
				9EA1461F243498BC002A8AF6 /* AlamofireNetworkRequest.swift in Sources */,
				9EF3874023ACEB9C007FD21D /* TableViewCell.swift in Sources */,
				9EE128462421110B009F32DC /* ImageProperties.swift in Sources */,
				9EF3873C23ACE88E007FD21D /* CoursesViewController.swift in Sources */,
				9EE1283B2420C19E009F32DC /* MainViewController.swift in Sources */,
				9EE1283D2420C27E009F32DC /* CollectionViewCell.swift in Sources */,
				9ECF1E4C243DEBE80062C379 /* CurrentUser.swift in Sources */,
				9E9E315F2431D98F00CE715B /* DataProvider.swift in Sources */,
			);
			runOnlyForDeploymentPostprocessing = 0;
		};
/* End PBXSourcesBuildPhase section */

/* Begin PBXVariantGroup section */
		9E55141C23AB580300D5D9E7 /* Main.storyboard */ = {
			isa = PBXVariantGroup;
			children = (
				9E55141D23AB580300D5D9E7 /* Base */,
			);
			name = Main.storyboard;
			sourceTree = "<group>";
		};
		9E55142123AB580900D5D9E7 /* LaunchScreen.storyboard */ = {
			isa = PBXVariantGroup;
			children = (
				9E55142223AB580900D5D9E7 /* Base */,
			);
			name = LaunchScreen.storyboard;
			sourceTree = "<group>";
		};
/* End PBXVariantGroup section */

/* Begin XCBuildConfiguration section */
		9E55142523AB580900D5D9E7 /* Debug */ = {
			isa = XCBuildConfiguration;
			buildSettings = {
				ALWAYS_SEARCH_USER_PATHS = NO;
				CLANG_ANALYZER_NONNULL = YES;
				CLANG_ANALYZER_NUMBER_OBJECT_CONVERSION = YES_AGGRESSIVE;
				CLANG_CXX_LANGUAGE_STANDARD = "gnu++14";
				CLANG_CXX_LIBRARY = "libc++";
				CLANG_ENABLE_MODULES = YES;
				CLANG_ENABLE_OBJC_ARC = YES;
				CLANG_ENABLE_OBJC_WEAK = YES;
				CLANG_WARN_BLOCK_CAPTURE_AUTORELEASING = YES;
				CLANG_WARN_BOOL_CONVERSION = YES;
				CLANG_WARN_COMMA = YES;
				CLANG_WARN_CONSTANT_CONVERSION = YES;
				CLANG_WARN_DEPRECATED_OBJC_IMPLEMENTATIONS = YES;
				CLANG_WARN_DIRECT_OBJC_ISA_USAGE = YES_ERROR;
				CLANG_WARN_DOCUMENTATION_COMMENTS = YES;
				CLANG_WARN_EMPTY_BODY = YES;
				CLANG_WARN_ENUM_CONVERSION = YES;
				CLANG_WARN_INFINITE_RECURSION = YES;
				CLANG_WARN_INT_CONVERSION = YES;
				CLANG_WARN_NON_LITERAL_NULL_CONVERSION = YES;
				CLANG_WARN_OBJC_IMPLICIT_RETAIN_SELF = YES;
				CLANG_WARN_OBJC_LITERAL_CONVERSION = YES;
				CLANG_WARN_OBJC_ROOT_CLASS = YES_ERROR;
				CLANG_WARN_RANGE_LOOP_ANALYSIS = YES;
				CLANG_WARN_STRICT_PROTOTYPES = YES;
				CLANG_WARN_SUSPICIOUS_MOVE = YES;
				CLANG_WARN_UNGUARDED_AVAILABILITY = YES_AGGRESSIVE;
				CLANG_WARN_UNREACHABLE_CODE = YES;
				CLANG_WARN__DUPLICATE_METHOD_MATCH = YES;
				COPY_PHASE_STRIP = NO;
				DEBUG_INFORMATION_FORMAT = dwarf;
				ENABLE_STRICT_OBJC_MSGSEND = YES;
				ENABLE_TESTABILITY = YES;
				GCC_C_LANGUAGE_STANDARD = gnu11;
				GCC_DYNAMIC_NO_PIC = NO;
				GCC_NO_COMMON_BLOCKS = YES;
				GCC_OPTIMIZATION_LEVEL = 0;
				GCC_PREPROCESSOR_DEFINITIONS = (
					"DEBUG=1",
					"$(inherited)",
				);
				GCC_WARN_64_TO_32_BIT_CONVERSION = YES;
				GCC_WARN_ABOUT_RETURN_TYPE = YES_ERROR;
				GCC_WARN_UNDECLARED_SELECTOR = YES;
				GCC_WARN_UNINITIALIZED_AUTOS = YES_AGGRESSIVE;
				GCC_WARN_UNUSED_FUNCTION = YES;
				GCC_WARN_UNUSED_VARIABLE = YES;
				IPHONEOS_DEPLOYMENT_TARGET = 13.2;
				MTL_ENABLE_DEBUG_INFO = INCLUDE_SOURCE;
				MTL_FAST_MATH = YES;
				ONLY_ACTIVE_ARCH = YES;
				SDKROOT = iphoneos;
				SWIFT_ACTIVE_COMPILATION_CONDITIONS = DEBUG;
				SWIFT_OPTIMIZATION_LEVEL = "-Onone";
			};
			name = Debug;
		};
		9E55142623AB580900D5D9E7 /* Release */ = {
			isa = XCBuildConfiguration;
			buildSettings = {
				ALWAYS_SEARCH_USER_PATHS = NO;
				CLANG_ANALYZER_NONNULL = YES;
				CLANG_ANALYZER_NUMBER_OBJECT_CONVERSION = YES_AGGRESSIVE;
				CLANG_CXX_LANGUAGE_STANDARD = "gnu++14";
				CLANG_CXX_LIBRARY = "libc++";
				CLANG_ENABLE_MODULES = YES;
				CLANG_ENABLE_OBJC_ARC = YES;
				CLANG_ENABLE_OBJC_WEAK = YES;
				CLANG_WARN_BLOCK_CAPTURE_AUTORELEASING = YES;
				CLANG_WARN_BOOL_CONVERSION = YES;
				CLANG_WARN_COMMA = YES;
				CLANG_WARN_CONSTANT_CONVERSION = YES;
				CLANG_WARN_DEPRECATED_OBJC_IMPLEMENTATIONS = YES;
				CLANG_WARN_DIRECT_OBJC_ISA_USAGE = YES_ERROR;
				CLANG_WARN_DOCUMENTATION_COMMENTS = YES;
				CLANG_WARN_EMPTY_BODY = YES;
				CLANG_WARN_ENUM_CONVERSION = YES;
				CLANG_WARN_INFINITE_RECURSION = YES;
				CLANG_WARN_INT_CONVERSION = YES;
				CLANG_WARN_NON_LITERAL_NULL_CONVERSION = YES;
				CLANG_WARN_OBJC_IMPLICIT_RETAIN_SELF = YES;
				CLANG_WARN_OBJC_LITERAL_CONVERSION = YES;
				CLANG_WARN_OBJC_ROOT_CLASS = YES_ERROR;
				CLANG_WARN_RANGE_LOOP_ANALYSIS = YES;
				CLANG_WARN_STRICT_PROTOTYPES = YES;
				CLANG_WARN_SUSPICIOUS_MOVE = YES;
				CLANG_WARN_UNGUARDED_AVAILABILITY = YES_AGGRESSIVE;
				CLANG_WARN_UNREACHABLE_CODE = YES;
				CLANG_WARN__DUPLICATE_METHOD_MATCH = YES;
				COPY_PHASE_STRIP = NO;
				DEBUG_INFORMATION_FORMAT = "dwarf-with-dsym";
				ENABLE_NS_ASSERTIONS = NO;
				ENABLE_STRICT_OBJC_MSGSEND = YES;
				GCC_C_LANGUAGE_STANDARD = gnu11;
				GCC_NO_COMMON_BLOCKS = YES;
				GCC_WARN_64_TO_32_BIT_CONVERSION = YES;
				GCC_WARN_ABOUT_RETURN_TYPE = YES_ERROR;
				GCC_WARN_UNDECLARED_SELECTOR = YES;
				GCC_WARN_UNINITIALIZED_AUTOS = YES_AGGRESSIVE;
				GCC_WARN_UNUSED_FUNCTION = YES;
				GCC_WARN_UNUSED_VARIABLE = YES;
				IPHONEOS_DEPLOYMENT_TARGET = 13.2;
				MTL_ENABLE_DEBUG_INFO = NO;
				MTL_FAST_MATH = YES;
				SDKROOT = iphoneos;
				SWIFT_COMPILATION_MODE = wholemodule;
				SWIFT_OPTIMIZATION_LEVEL = "-O";
				VALIDATE_PRODUCT = YES;
			};
			name = Release;
		};
		9E55142823AB580900D5D9E7 /* Debug */ = {
			isa = XCBuildConfiguration;
			baseConfigurationReference = 122E82231199C54D9E0F3B0C /* Pods-test.debug.xcconfig */;
			buildSettings = {
				ASSETCATALOG_COMPILER_APPICON_NAME = AppIcon;
				CODE_SIGN_STYLE = Automatic;
				DEVELOPMENT_TEAM = WJR74JV9LN;
				INFOPLIST_FILE = "$(SRCROOT)/Networking/Info.plist";
				LD_RUNPATH_SEARCH_PATHS = (
					"$(inherited)",
					"@executable_path/Frameworks",
				);
				PRODUCT_BUNDLE_IDENTIFIER = "-.Networking";
				PRODUCT_NAME = Netirking;
				SWIFT_VERSION = 5.0;
				TARGETED_DEVICE_FAMILY = "1,2";
			};
			name = Debug;
		};
		9E55142923AB580900D5D9E7 /* Release */ = {
			isa = XCBuildConfiguration;
			baseConfigurationReference = F3D3EA933F1CF69A6BB32474 /* Pods-test.release.xcconfig */;
			buildSettings = {
				ASSETCATALOG_COMPILER_APPICON_NAME = AppIcon;
				CODE_SIGN_ENTITLEMENTS = NetirkingRelease.entitlements;
				CODE_SIGN_STYLE = Automatic;
				DEVELOPMENT_TEAM = WJR74JV9LN;
				INFOPLIST_FILE = "$(SRCROOT)/Networking/Info.plist";
				LD_RUNPATH_SEARCH_PATHS = (
					"$(inherited)",
					"@executable_path/Frameworks",
				);
				PRODUCT_BUNDLE_IDENTIFIER = "-.Networking";
				PRODUCT_NAME = Netirking;
				SWIFT_VERSION = 5.0;
				TARGETED_DEVICE_FAMILY = "1,2";
			};
			name = Release;
		};
/* End XCBuildConfiguration section */

/* Begin XCConfigurationList section */
		9E55140E23AB580300D5D9E7 /* Build configuration list for PBXProject "Networking" */ = {
			isa = XCConfigurationList;
			buildConfigurations = (
				9E55142523AB580900D5D9E7 /* Debug */,
				9E55142623AB580900D5D9E7 /* Release */,
			);
			defaultConfigurationIsVisible = 0;
			defaultConfigurationName = Release;
		};
		9E55142723AB580900D5D9E7 /* Build configuration list for PBXNativeTarget "test" */ = {
			isa = XCConfigurationList;
			buildConfigurations = (
				9E55142823AB580900D5D9E7 /* Debug */,
				9E55142923AB580900D5D9E7 /* Release */,
			);
			defaultConfigurationIsVisible = 0;
			defaultConfigurationName = Release;
		};
/* End XCConfigurationList section */
	};
	rootObject = 9E55140B23AB580300D5D9E7 /* Project object */;
}
